{
	"_readme": [
		"This file locks the dependencies of your project to a known state",
		"Read more about it at https://getcomposer.org/doc/01-basic-usage.md#installing-dependencies",
		"This file is @generated automatically"
	],
	"content-hash": "cb151d85ecbb0f041451708bf53f9862",
	"packages": [],
	"packages-dev": [],
	"aliases": [],
	"minimum-stability": "stable",
	"stability-flags": [],
	"prefer-stable": false,
	"prefer-lowest": false,
	"platform": {
		"php": "^7.0|^7.1|^7.2|^7.3|^7.4|^8.0|^8.1|^8.2"
	},
	"platform-dev": [],
	"plugin-api-version": "2.3.0"
}
